# THIS IS AN AUTOGENERATED FILE. DO NOT EDIT THIS FILE DIRECTLY.
# yarn lockfile v1


"@sentry-internal/browser-utils@8.33.1":
  version "8.33.1"
  resolved "https://registry.yarnpkg.com/@sentry-internal/browser-utils/-/browser-utils-8.33.1.tgz#5364532dc4d4a87698b191910a7f1c7d5361da52"
  integrity sha512-TW6/r+Gl5jiXv54iK1xZ3mlVgTS/jaBp4vcQ0xGMdgiQ3WchEPcFSeYovL+YHT3tSud0GZqVtDQCz+5i76puqA==
  dependencies:
    "@sentry/core" "8.33.1"
    "@sentry/types" "8.33.1"
    "@sentry/utils" "8.33.1"

"@sentry-internal/feedback@8.33.1":
  version "8.33.1"
  resolved "https://registry.yarnpkg.com/@sentry-internal/feedback/-/feedback-8.33.1.tgz#883a258b432e6dc8cf733c9a4c23cd2a8d430d23"
  integrity sha512-qauMRTm3qDaLqZ3ibI03cj4gLF40y0ij65nj+cns6iWxGCtPrO8tjvXFWuQsE7Aye9dGMnBgmv7uN+NTUtC3RA==
  dependencies:
    "@sentry/core" "8.33.1"
    "@sentry/types" "8.33.1"
    "@sentry/utils" "8.33.1"

"@sentry-internal/replay-canvas@8.33.1":
  version "8.33.1"
  resolved "https://registry.yarnpkg.com/@sentry-internal/replay-canvas/-/replay-canvas-8.33.1.tgz#02758ad1514ddd32c6169f10ca3676d04c91eee7"
  integrity sha512-nsxTFTPCT10Ty/v6+AiST3+yotGP1sUb8xqfKB9fPnS1hZHFryp0NnEls7xFjBsBbZPU1GpFkzrk/E6JFzixDQ==
  dependencies:
    "@sentry-internal/replay" "8.33.1"
    "@sentry/core" "8.33.1"
    "@sentry/types" "8.33.1"
    "@sentry/utils" "8.33.1"

"@sentry-internal/replay@8.33.1":
  version "8.33.1"
  resolved "https://registry.yarnpkg.com/@sentry-internal/replay/-/replay-8.33.1.tgz#51910b702d25b99fd152cddd8c0d2e1ca8017ea8"
  integrity sha512-fm4coIOjmanU29NOVN9MyaP4fUCOYytbtFqVSKRFNZQ/xAgNeySiBIbUd6IjujMmnOk9bY0WEUMcdm3Uotjdog==
  dependencies:
    "@sentry-internal/browser-utils" "8.33.1"
    "@sentry/core" "8.33.1"
    "@sentry/types" "8.33.1"
    "@sentry/utils" "8.33.1"

"@sentry-internal/tracing@7.118.0":
  version "7.118.0"
  resolved "https://registry.yarnpkg.com/@sentry-internal/tracing/-/tracing-7.118.0.tgz#1a96ea745db818e20c2f8273d317f284a416a90a"
  integrity sha512-dERAshKlQLrBscHSarhHyUeGsu652bDTUN1FK0m4e3X48M3I5/s+0N880Qjpe5MprNLcINlaIgdQ9jkisvxjfw==
  dependencies:
    "@sentry/core" "7.118.0"
    "@sentry/types" "7.118.0"
    "@sentry/utils" "7.118.0"

"@sentry/browser@~8.33.1":
  version "8.33.1"
  resolved "https://registry.yarnpkg.com/@sentry/browser/-/browser-8.33.1.tgz#3c4300fc58da905b5b611e70b02dbdb45d7c3a2b"
  integrity sha512-c6zI/igexkLwZuGk+u8Rj26ChjxGgkhe6ZbKFsXCYaKAp5ep5X7HQRkkqgbxApiqlC0LduHdd/ymzh139JLg8w==
  dependencies:
    "@sentry-internal/browser-utils" "8.33.1"
    "@sentry-internal/feedback" "8.33.1"
    "@sentry-internal/replay" "8.33.1"
    "@sentry-internal/replay-canvas" "8.33.1"
    "@sentry/core" "8.33.1"
    "@sentry/types" "8.33.1"
    "@sentry/utils" "8.33.1"

"@sentry/core@7.118.0":
  version "7.118.0"
  resolved "https://registry.yarnpkg.com/@sentry/core/-/core-7.118.0.tgz#1549b49621bc05a8df16c3546793a299b0638559"
  integrity sha512-ol0xBdp3/K11IMAYSQE0FMxBOOH9hMsb/rjxXWe0hfM5c72CqYWL3ol7voPci0GELJ5CZG+9ImEU1V9r6gK64g==
  dependencies:
    "@sentry/types" "7.118.0"
    "@sentry/utils" "7.118.0"

"@sentry/core@8.33.1":
  version "8.33.1"
  resolved "https://registry.yarnpkg.com/@sentry/core/-/core-8.33.1.tgz#dc59f73b93e6f78f15c897ac47e48008680d9c04"
  integrity sha512-3SS41suXLFzxL3OQvTMZ6q92ZapELVq2l2SoWlZopcamWhog2Ru0dp2vkunq97kFHb2TzKRTlFH4+4gbT8SJug==
  dependencies:
    "@sentry/types" "8.33.1"
    "@sentry/utils" "8.33.1"

"@sentry/tracing@~7.118.0":
  version "7.118.0"
  resolved "https://registry.yarnpkg.com/@sentry/tracing/-/tracing-7.118.0.tgz#a8af21cb799d357a05578b67bd1de711c33e4532"
  integrity sha512-7A5wRbwMjPCgX+UlLnR9vYabtgWlHat1qKDW6mH8Idlvf16b5xd9y+jCY9/tyayJlX3oOntv5Yrbk4eM3fjGxw==
  dependencies:
    "@sentry-internal/tracing" "7.118.0"

"@sentry/types@7.118.0":
  version "7.118.0"
  resolved "https://registry.yarnpkg.com/@sentry/types/-/types-7.118.0.tgz#ca3ab06912f60bc2a7ccf2d2e5ccf43985851aef"
  integrity sha512-2drqrD2+6kgeg+W/ycmiti3G4lJrV3hGjY9PpJ3bJeXrh6T2+LxKPzlgSEnKFaeQWkXdZ4eaUbtTXVebMjb5JA==

"@sentry/types@8.33.1":
  version "8.33.1"
  resolved "https://registry.yarnpkg.com/@sentry/types/-/types-8.33.1.tgz#3c519f974c3c3f3ea8b4e6f930b676f954c26f87"
  integrity sha512-GjoAMvwtpIemoF/IiwZ7A60g4nQv3qwzR21GvJqDVUoKD0e8pv9OLX+HyXoUat4wEDGSuDUcUyUKD2G+od73QA==

"@sentry/utils@7.118.0":
  version "7.118.0"
  resolved "https://registry.yarnpkg.com/@sentry/utils/-/utils-7.118.0.tgz#bfc60826fe3d5d2ae7338ec6ac1f06c20beb179e"
  integrity sha512-43qItc/ydxZV1Zb3Kn2M54RwL9XXFa3IAYBO8S82Qvq5YUYmU2AmJ1jgg7DabXlVSWgMA1HntwqnOV3JLaEnTQ==
  dependencies:
    "@sentry/types" "7.118.0"

"@sentry/utils@8.33.1":
  version "8.33.1"
  resolved "https://registry.yarnpkg.com/@sentry/utils/-/utils-8.33.1.tgz#8cfc56b7dbc27135028e77aa5d553b15f4ba0466"
  integrity sha512-uzuYpiiJuFY3N4WNHMBWUQX5oNv2t/TbG0OHRp3Rr7yeu+HSfD542TIp9/gMZ+G0Cxd8AmVO3wkKIFbk0TL4Qg==
  dependencies:
    "@sentry/types" "8.33.1"

ansi-styles@^3.2.1:
  version "3.2.1"
  resolved "https://registry.yarnpkg.com/ansi-styles/-/ansi-styles-3.2.1.tgz#41fbb20243e50b12be0f04b8dedbf07520ce841d"
  integrity sha512-VT0ZI6kZRdTh8YyJw3SMbYm/u+NqfsAxEpWO0Pf9sq8/e94WxxOpPKx9FR1FlyCtOVDNOQ+8ntlqFxiRc+r5qA==
  dependencies:
    color-convert "^1.9.0"

bootstrap@~3.4.0:
  version "3.4.1"
  resolved "https://registry.yarnpkg.com/bootstrap/-/bootstrap-3.4.1.tgz#c3a347d419e289ad11f4033e3c4132b87c081d72"
  integrity sha512-yN5oZVmRCwe5aKwzRj6736nSmKDX7pLYwsXiCj/EYmo16hODaBiT4En5btW/jhBF/seV+XMx3aYwukYC3A49DA==

chalk@^2.1.0, chalk@^2.4.1:
  version "2.4.2"
  resolved "https://registry.yarnpkg.com/chalk/-/chalk-2.4.2.tgz#cd42541677a54333cf541a49108c1432b44c9424"
  integrity sha512-Mti+f9lpJNcwF4tWV8/OrTTtF1gZi+f8FqlyAdouralcFWFQWF2+NgCHShjkCb+IFBLq9buZwE1xckQU4peSuQ==
  dependencies:
    ansi-styles "^3.2.1"
    escape-string-regexp "^1.0.5"
    supports-color "^5.3.0"

color-convert@^1.9.0:
  version "1.9.3"
  resolved "https://registry.yarnpkg.com/color-convert/-/color-convert-1.9.3.tgz#bb71850690e1f136567de629d2d5471deda4c1e8"
  integrity sha512-QfAUtd+vFdAtFQcC8CCyYt1fYWxSqAiK2cSD6zDB8N3cpsEBAvRxp9zOGg6G/SHHJYAT88/az/IuDGALsNVbGg==
  dependencies:
    color-name "1.1.3"

color-name@1.1.3:
  version "1.1.3"
  resolved "https://registry.yarnpkg.com/color-name/-/color-name-1.1.3.tgz#a7d0558bd89c42f795dd42328f740831ca53bc25"
  integrity sha512-72fSenhMw2HZMTVHeCA9KCmpEIbzWiQsjN+BHcBbS9vr1mtt+vJjPdksIBNUmKAW8TFUDPJK5SUU3QhE9NEXDw==

diff@^3.0.0:
  version "3.5.0"
  resolved "https://registry.yarnpkg.com/diff/-/diff-3.5.0.tgz#800c0dd1e0a8bfbc95835c202ad220fe317e5a12"
  integrity sha512-A46qtFgd+g7pDZinpnwiRJtxbC1hpgf0uzP3iG89scHk0AUC7A1TGxf5OiiOUv/JMZR8GOt8hL900hV0bOy5xA==

escape-string-regexp@^1.0.5:
  version "1.0.5"
  resolved "https://registry.yarnpkg.com/escape-string-regexp/-/escape-string-regexp-1.0.5.tgz#1b61c0562190a8dff6ae3bb2cf0200ca130b86d4"
  integrity sha512-vbRorB5FUQWvla16U8R/qgaFIya2qGzwDrNmCZuYKrbdSUMG6I1ZCGQRefkRVhuOkIGVne7BQ35DSfo1qvJqFg==

galleria@~1.6.0:
  version "1.6.1"
  resolved "https://registry.yarnpkg.com/galleria/-/galleria-1.6.1.tgz#c6db1335d8c82ced69f6dfde2ae8ae5d8217a0cf"
  integrity sha512-ti1mC6sbnxMeC3HYA81ZdlhFR6q0wIX4pngj8M5HVPkpwWejmCNPNSZnEB+xzpDk09j+to+BsG0ZQXkH48QLQw==
  dependencies:
    grunt-postcss "^0.9.0"
    jquery ">=1.9.0"

grunt-postcss@^0.9.0:
  version "0.9.0"
  resolved "https://registry.yarnpkg.com/grunt-postcss/-/grunt-postcss-0.9.0.tgz#fbe5934a6be9eac893af6d057e2318c97fae9da3"
  integrity sha512-lglLcVaoOIqH0sFv7RqwUKkEFGQwnlqyAKbatxZderwZGV1nDyKHN7gZS9LUiTx1t5GOvRBx0BEalHMyVwFAIA==
  dependencies:
    chalk "^2.1.0"
    diff "^3.0.0"
    postcss "^6.0.11"

has-flag@^3.0.0:
  version "3.0.0"
  resolved "https://registry.yarnpkg.com/has-flag/-/has-flag-3.0.0.tgz#b5d454dc2199ae225699f3467e5a07f3b955bafd"
  integrity sha512-sKJf1+ceQBr4SMkvQnBDNDtf4TXpVhVGateu0t918bl30FnbE2m4vNLX+VWe/dpjlb+HugGYzW7uQXH98HPEYw==

jquery-migrate@~3.5.0:
  version "3.5.2"
  resolved "https://registry.yarnpkg.com/jquery-migrate/-/jquery-migrate-3.5.2.tgz#c9631702e1a5c93c5e7a0bbba54b82883c4ac47d"
  integrity sha512-GGvcVWK3aei2/98r7pA4UkOYvs4xVeCGvquNXADFUp9+Sr6VeOw0ktlQ9z4YlBbEFpsXBlRioAgpH/fLWinj4Q==

jquery@>=1.9.0, jquery@~3.7.0:
  version "3.7.1"
  resolved "https://registry.yarnpkg.com/jquery/-/jquery-3.7.1.tgz#083ef98927c9a6a74d05a6af02806566d16274de"
  integrity sha512-m4avr8yL8kmFN8psrbFFFmB/If14iN5o9nw/NgnnM+kybDJpRsAynV2BsfpTYrTRysYUdADVD7CkUUizgkpLfg==

js-cookie@~3.0.0:
  version "3.0.5"
  resolved "https://registry.yarnpkg.com/js-cookie/-/js-cookie-3.0.5.tgz#0b7e2fd0c01552c58ba86e0841f94dc2557dcdbc"
  integrity sha512-cEiJEAEoIbWfCZYKWhVwFuvPX1gETRYPw6LlaTKoxD3s2AkXzkCjnp6h0V77ozyqj0jakteJ4YqDJT830+lVGw==

postcss@^6.0.11:
  version "6.0.23"
  resolved "https://registry.yarnpkg.com/postcss/-/postcss-6.0.23.tgz#61c82cc328ac60e677645f979054eb98bc0e3324"
  integrity sha512-soOk1h6J3VMTZtVeVpv15/Hpdl2cBLX3CAw4TAbkpTJiNPk9YP/zWcD1ND+xEtvyuuvKzbxliTOIyvkSeSJ6ag==
  dependencies:
    chalk "^2.4.1"
    source-map "^0.6.1"
    supports-color "^5.4.0"

select2-bootstrap-theme@~0.1.0-beta.10:
  version "0.1.0-beta.10"
  resolved "https://registry.yarnpkg.com/select2-bootstrap-theme/-/select2-bootstrap-theme-0.1.0-beta.10.tgz#b9426ecfc03bf4a235e76a132377574310469ac0"
  integrity sha512-gc9Y9yNjkGRqeFmI/pAKyL4maMKH9VKAn62E+uF/hxz8FTmfuKH0sDEGhFhk3f8Jp+emtsDdK1c1nb6S51BV0Q==

select2@~4.0.0:
  version "4.0.13"
  resolved "https://registry.yarnpkg.com/select2/-/select2-4.0.13.tgz#0dbe377df3f96167c4c1626033e924372d8ef44d"
  integrity sha512-1JeB87s6oN/TDxQQYCvS5EFoQyvV6eYMZZ0AeA4tdFDYWN3BAGZ8npr17UBFddU0lgAt3H0yjX3X6/ekOj1yjw==

source-map@^0.6.1:
  version "0.6.1"
  resolved "https://registry.yarnpkg.com/source-map/-/source-map-0.6.1.tgz#74722af32e9614e9c287a8d0bbde48b5e2f1a263"
  integrity sha512-UjgapumWlbMhkBgzT7Ykc5YXUT46F0iKu8SGXq0bcwP5dz/h0Plj6enJqjz1Zbq2l5WaqYnrVbwWOWMyF3F47g==

supports-color@^5.3.0, supports-color@^5.4.0:
  version "5.5.0"
  resolved "https://registry.yarnpkg.com/supports-color/-/supports-color-5.5.0.tgz#e2e69a44ac8772f78a1ec0b35b689df6530efc8f"
  integrity sha512-QjVjwdXIt408MIiAqCX4oUKsgU2EqAGzs2Ppkm4aQYbjm+ZEWEcW4SfFNTr4uMNZma0ey4f5lgLrkB0aX0QMow==
  dependencies:
    has-flag "^3.0.0"
